
Microsoft Visual Studio Solution File, Format Version 12.00
# Visual Studio Version 17
VisualStudioVersion = 17.7.34024.191
MinimumVisualStudioVersion = 10.0.40219.1
Project("{FAE04EC0-301F-11D3-BF4B-00C04F79EFBC}") = "Ishita 10ConsoleApp1", "Ishita 10ConsoleApp1\Ishita 10ConsoleApp1.csproj", "{D6845F43-1169-46F7-B135-A8BFC84F5BCC}"
EndProject
Global
	GlobalSection(SolutionConfigurationPlatforms) = preSolution
		Debug|Any CPU = Debug|Any CPU
		Release|Any CPU = Release|Any CPU
	EndGlobalSection
	GlobalSection(ProjectConfigurationPlatforms) = postSolution
		{D6845F43-1169-46F7-B135-A8BFC84F5BCC}.Debug|Any CPU.ActiveCfg = Debug|Any CPU
		{D6845F43-1169-46F7-B135-A8BFC84F5BCC}.Debug|Any CPU.Build.0 = Debug|Any CPU
		{D6845F43-1169-46F7-B135-A8BFC84F5BCC}.Release|Any CPU.ActiveCfg = Release|Any CPU
		{D6845F43-1169-46F7-B135-A8BFC84F5BCC}.Release|Any CPU.Build.0 = Release|Any CPU
	EndGlobalSection
	GlobalSection(SolutionProperties) = preSolution
		HideSolutionNode = FALSE
	EndGlobalSection
	GlobalSection(ExtensibilityGlobals) = postSolution
		SolutionGuid = {F3B4A66B-DD85-40BC-B897-54D6CC26C491}
	EndGlobalSection
EndGlobal
